
Microsoft Visual Studio Solution File, Format Version 12.00
# Visual Studio Version 17
VisualStudioVersion = 17.9.34728.123
MinimumVisualStudioVersion = 10.0.40219.1
Project("{FAE04EC0-301F-11D3-BF4B-00C04F79EFBC}") = "MvcCoreDeployment", "MvcCoreDeployment\MvcCoreDeployment.csproj", "{1333D3C2-1D6F-4BBD-9EC0-7FC4F47324B4}"
EndProject
Global
	GlobalSection(SolutionConfigurationPlatforms) = preSolution
		Debug|Any CPU = Debug|Any CPU
		Release|Any CPU = Release|Any CPU
	EndGlobalSection
	GlobalSection(ProjectConfigurationPlatforms) = postSolution
		{1333D3C2-1D6F-4BBD-9EC0-7FC4F47324B4}.Debug|Any CPU.ActiveCfg = Debug|Any CPU
		{1333D3C2-1D6F-4BBD-9EC0-7FC4F47324B4}.Debug|Any CPU.Build.0 = Debug|Any CPU
		{1333D3C2-1D6F-4BBD-9EC0-7FC4F47324B4}.Release|Any CPU.ActiveCfg = Release|Any CPU
		{1333D3C2-1D6F-4BBD-9EC0-7FC4F47324B4}.Release|Any CPU.Build.0 = Release|Any CPU
	EndGlobalSection
	GlobalSection(SolutionProperties) = preSolution
		HideSolutionNode = FALSE
	EndGlobalSection
	GlobalSection(ExtensibilityGlobals) = postSolution
		SolutionGuid = {B6B780D7-6FE4-4E1E-B730-1CAFCFECB148}
	EndGlobalSection
EndGlobal
